
Microsoft Visual Studio Solution File, Format Version 12.00
# Visual Studio 15
VisualStudioVersion = 15.0.28307.902
MinimumVisualStudioVersion = 10.0.40219.1
Project("{8BC9CEB8-8B4A-11D0-8D11-00A0C91BC942}") = "Triangle", "Triangle\Triangle.vcxproj", "{EF87323E-BD1A-4545-AD2E-90E8F4C521D1}"
EndProject
Project("{8BC9CEB8-8B4A-11D0-8D11-00A0C91BC942}") = "MultipleObjects", "MultipleObjects\MultipleObjects.vcxproj", "{3DDC5BF3-360D-46F5-B242-7992305843AD}"
EndProject
Project("{8BC9CEB8-8B4A-11D0-8D11-00A0C91BC942}") = "RenderToTexture", "RenderToTexture\RenderToTexture.vcxproj", "{2F6E79AD-CF1A-4669-B713-77BAA4D91E39}"
EndProject
Project("{8BC9CEB8-8B4A-11D0-8D11-00A0C91BC942}") = "NvEncoding", "NvEncoding\NvEncoding.vcxproj", "{E50C79E6-E30C-4673-9603-0FA303C1F817}"
EndProject
Global
	GlobalSection(SolutionConfigurationPlatforms) = preSolution
		Debug|x64 = Debug|x64
		Debug|x86 = Debug|x86
		Release|x64 = Release|x64
		Release|x86 = Release|x86
	EndGlobalSection
	GlobalSection(ProjectConfigurationPlatforms) = postSolution
		{EF87323E-BD1A-4545-AD2E-90E8F4C521D1}.Debug|x64.ActiveCfg = Debug|x64
		{EF87323E-BD1A-4545-AD2E-90E8F4C521D1}.Debug|x64.Build.0 = Debug|x64
		{EF87323E-BD1A-4545-AD2E-90E8F4C521D1}.Debug|x86.ActiveCfg = Debug|Win32
		{EF87323E-BD1A-4545-AD2E-90E8F4C521D1}.Debug|x86.Build.0 = Debug|Win32
		{EF87323E-BD1A-4545-AD2E-90E8F4C521D1}.Release|x64.ActiveCfg = Release|x64
		{EF87323E-BD1A-4545-AD2E-90E8F4C521D1}.Release|x64.Build.0 = Release|x64
		{EF87323E-BD1A-4545-AD2E-90E8F4C521D1}.Release|x86.ActiveCfg = Release|Win32
		{EF87323E-BD1A-4545-AD2E-90E8F4C521D1}.Release|x86.Build.0 = Release|Win32
		{3DDC5BF3-360D-46F5-B242-7992305843AD}.Debug|x64.ActiveCfg = Debug|x64
		{3DDC5BF3-360D-46F5-B242-7992305843AD}.Debug|x64.Build.0 = Debug|x64
		{3DDC5BF3-360D-46F5-B242-7992305843AD}.Debug|x86.ActiveCfg = Debug|Win32
		{3DDC5BF3-360D-46F5-B242-7992305843AD}.Debug|x86.Build.0 = Debug|Win32
		{3DDC5BF3-360D-46F5-B242-7992305843AD}.Release|x64.ActiveCfg = Release|x64
		{3DDC5BF3-360D-46F5-B242-7992305843AD}.Release|x64.Build.0 = Release|x64
		{3DDC5BF3-360D-46F5-B242-7992305843AD}.Release|x86.ActiveCfg = Release|Win32
		{3DDC5BF3-360D-46F5-B242-7992305843AD}.Release|x86.Build.0 = Release|Win32
		{2F6E79AD-CF1A-4669-B713-77BAA4D91E39}.Debug|x64.ActiveCfg = Debug|x64
		{2F6E79AD-CF1A-4669-B713-77BAA4D91E39}.Debug|x64.Build.0 = Debug|x64
		{2F6E79AD-CF1A-4669-B713-77BAA4D91E39}.Debug|x86.ActiveCfg = Debug|Win32
		{2F6E79AD-CF1A-4669-B713-77BAA4D91E39}.Debug|x86.Build.0 = Debug|Win32
		{2F6E79AD-CF1A-4669-B713-77BAA4D91E39}.Release|x64.ActiveCfg = Release|x64
		{2F6E79AD-CF1A-4669-B713-77BAA4D91E39}.Release|x64.Build.0 = Release|x64
		{2F6E79AD-CF1A-4669-B713-77BAA4D91E39}.Release|x86.ActiveCfg = Release|Win32
		{2F6E79AD-CF1A-4669-B713-77BAA4D91E39}.Release|x86.Build.0 = Release|Win32
		{E50C79E6-E30C-4673-9603-0FA303C1F817}.Debug|x64.ActiveCfg = Debug|x64
		{E50C79E6-E30C-4673-9603-0FA303C1F817}.Debug|x64.Build.0 = Debug|x64
		{E50C79E6-E30C-4673-9603-0FA303C1F817}.Debug|x86.ActiveCfg = Debug|Win32
		{E50C79E6-E30C-4673-9603-0FA303C1F817}.Debug|x86.Build.0 = Debug|Win32
		{E50C79E6-E30C-4673-9603-0FA303C1F817}.Release|x64.ActiveCfg = Release|x64
		{E50C79E6-E30C-4673-9603-0FA303C1F817}.Release|x64.Build.0 = Release|x64
		{E50C79E6-E30C-4673-9603-0FA303C1F817}.Release|x86.ActiveCfg = Release|Win32
		{E50C79E6-E30C-4673-9603-0FA303C1F817}.Release|x86.Build.0 = Release|Win32
	EndGlobalSection
	GlobalSection(SolutionProperties) = preSolution
		HideSolutionNode = FALSE
	EndGlobalSection
	GlobalSection(ExtensibilityGlobals) = postSolution
		SolutionGuid = {E263CA7F-7222-44AC-8F49-F63713F8B731}
	EndGlobalSection
EndGlobal
